
Microsoft Visual Studio Solution File, Format Version 12.00
# Visual Studio Version 17
VisualStudioVersion = 17.2.32526.322
MinimumVisualStudioVersion = 10.0.40219.1
Project("{FAE04EC0-301F-11D3-BF4B-00C04F79EFBC}") = "SecondRepo", "SecondRepo\SecondRepo.csproj", "{490D4192-726C-4D74-97AF-13C6418D51D3}"
EndProject
Global
	GlobalSection(SolutionConfigurationPlatforms) = preSolution
		Debug|Any CPU = Debug|Any CPU
		Release|Any CPU = Release|Any CPU
	EndGlobalSection
	GlobalSection(ProjectConfigurationPlatforms) = postSolution
		{490D4192-726C-4D74-97AF-13C6418D51D3}.Debug|Any CPU.ActiveCfg = Debug|Any CPU
		{490D4192-726C-4D74-97AF-13C6418D51D3}.Debug|Any CPU.Build.0 = Debug|Any CPU
		{490D4192-726C-4D74-97AF-13C6418D51D3}.Release|Any CPU.ActiveCfg = Release|Any CPU
		{490D4192-726C-4D74-97AF-13C6418D51D3}.Release|Any CPU.Build.0 = Release|Any CPU
	EndGlobalSection
	GlobalSection(SolutionProperties) = preSolution
		HideSolutionNode = FALSE
	EndGlobalSection
	GlobalSection(ExtensibilityGlobals) = postSolution
		SolutionGuid = {FB131605-0E6B-49DF-BB5B-88195E8CC0A7}
	EndGlobalSection
EndGlobal
